
Microsoft Visual Studio Solution File, Format Version 12.00
# Visual Studio Version 17
VisualStudioVersion = 17.5.33414.496
MinimumVisualStudioVersion = 10.0.40219.1
Project("{9A19103F-16F7-4668-BE54-9A1E7A4F7556}") = "RedisCacheDemo", "RedisCacheDemo\RedisCacheDemo.csproj", "{542C55E5-CD0F-4F2C-BAED-C5123836940B}"
EndProject
Project("{FAE04EC0-301F-11D3-BF4B-00C04F79EFBC}") = "RedisCache.Test", "RedisCache.Test\RedisCache.Test.csproj", "{B7503AA7-03BB-43F4-AC28-EF87CC1B43CD}"
EndProject
Global
	GlobalSection(SolutionConfigurationPlatforms) = preSolution
		Debug|Any CPU = Debug|Any CPU
		Release|Any CPU = Release|Any CPU
	EndGlobalSection
	GlobalSection(ProjectConfigurationPlatforms) = postSolution
		{542C55E5-CD0F-4F2C-BAED-C5123836940B}.Debug|Any CPU.ActiveCfg = Debug|Any CPU
		{542C55E5-CD0F-4F2C-BAED-C5123836940B}.Debug|Any CPU.Build.0 = Debug|Any CPU
		{542C55E5-CD0F-4F2C-BAED-C5123836940B}.Release|Any CPU.ActiveCfg = Release|Any CPU
		{542C55E5-CD0F-4F2C-BAED-C5123836940B}.Release|Any CPU.Build.0 = Release|Any CPU
		{B7503AA7-03BB-43F4-AC28-EF87CC1B43CD}.Debug|Any CPU.ActiveCfg = Debug|Any CPU
		{B7503AA7-03BB-43F4-AC28-EF87CC1B43CD}.Debug|Any CPU.Build.0 = Debug|Any CPU
		{B7503AA7-03BB-43F4-AC28-EF87CC1B43CD}.Release|Any CPU.ActiveCfg = Release|Any CPU
		{B7503AA7-03BB-43F4-AC28-EF87CC1B43CD}.Release|Any CPU.Build.0 = Release|Any CPU
	EndGlobalSection
	GlobalSection(SolutionProperties) = preSolution
		HideSolutionNode = FALSE
	EndGlobalSection
	GlobalSection(ExtensibilityGlobals) = postSolution
		SolutionGuid = {116EDAA9-72E3-42FD-B7DC-F5BC2C6D0039}
	EndGlobalSection
EndGlobal
